
Microsoft Visual Studio Solution File, Format Version 12.00
# Visual Studio Version 17
VisualStudioVersion = 17.14.37628.2 d17.14
MinimumVisualStudioVersion = 10.0.40219.1
Project("{FAE04EC0-301F-11D3-BF4B-00C04F79EFBC}") = "la3OOP", "la3OOP.csproj", "{0C27DEB1-030A-442F-AA1B-80AD2D998582}"
EndProject
Global
	GlobalSection(SolutionConfigurationPlatforms) = preSolution
		Debug|Any CPU = Debug|Any CPU
		Release|Any CPU = Release|Any CPU
	EndGlobalSection
	GlobalSection(ProjectConfigurationPlatforms) = postSolution
		{0C27DEB1-030A-442F-AA1B-80AD2D998582}.Debug|Any CPU.ActiveCfg = Debug|Any CPU
		{0C27DEB1-030A-442F-AA1B-80AD2D998582}.Debug|Any CPU.Build.0 = Debug|Any CPU
		{0C27DEB1-030A-442F-AA1B-80AD2D998582}.Release|Any CPU.ActiveCfg = Release|Any CPU
		{0C27DEB1-030A-442F-AA1B-80AD2D998582}.Release|Any CPU.Build.0 = Release|Any CPU
	EndGlobalSection
	GlobalSection(SolutionProperties) = preSolution
		HideSolutionNode = FALSE
	EndGlobalSection
	GlobalSection(ExtensibilityGlobals) = postSolution
		SolutionGuid = {4979C907-1059-4712-96DC-CEE543B9AE7E}
	EndGlobalSection
EndGlobal
